
Microsoft Visual Studio Solution File, Format Version 12.00
# Visual Studio Version 17
VisualStudioVersion = 17.14.36511.14 d17.14
MinimumVisualStudioVersion = 10.0.40219.1
Project("{FAE04EC0-301F-11D3-BF4B-00C04F79EFBC}") = "WMSProject", "WMSProject.csproj", "{B7AFBA06-F938-4CD7-B4C2-4DE7B55F2532}"
EndProject
Global
	GlobalSection(SolutionConfigurationPlatforms) = preSolution
		Debug|Any CPU = Debug|Any CPU
		Release|Any CPU = Release|Any CPU
	EndGlobalSection
	GlobalSection(ProjectConfigurationPlatforms) = postSolution
		{B7AFBA06-F938-4CD7-B4C2-4DE7B55F2532}.Debug|Any CPU.ActiveCfg = Debug|Any CPU
		{B7AFBA06-F938-4CD7-B4C2-4DE7B55F2532}.Debug|Any CPU.Build.0 = Debug|Any CPU
		{B7AFBA06-F938-4CD7-B4C2-4DE7B55F2532}.Release|Any CPU.ActiveCfg = Release|Any CPU
		{B7AFBA06-F938-4CD7-B4C2-4DE7B55F2532}.Release|Any CPU.Build.0 = Release|Any CPU
	EndGlobalSection
	GlobalSection(SolutionProperties) = preSolution
		HideSolutionNode = FALSE
	EndGlobalSection
	GlobalSection(ExtensibilityGlobals) = postSolution
		SolutionGuid = {423AE48D-A052-4442-B5F6-D0AEE91A9EAB}
	EndGlobalSection
EndGlobal
